
Microsoft Visual Studio Solution File, Format Version 12.00
# Visual Studio 14
VisualStudioVersion = 14.0.25420.1
MinimumVisualStudioVersion = 10.0.40219.1
Project("{FAE04EC0-301F-11D3-BF4B-00C04F79EFBC}") = "ShopAtHome.MessageQueue.Consumers", "ShopAtHome.MessageQueue.Consumers.csproj", "{27E5A306-6CF4-4E45-813B-B59F1DDC259A}"
EndProject
Project("{FAE04EC0-301F-11D3-BF4B-00C04F79EFBC}") = "ShopAtHome.MessageQueue.Consumers.Tests", "..\ShopAtHome.MessageQueue.Consumers.Tests\ShopAtHome.MessageQueue.Consumers.Tests.csproj", "{F92662B5-CF70-4013-9294-F0EDEB0003D0}"
EndProject
Project("{FAE04EC0-301F-11D3-BF4B-00C04F79EFBC}") = "ShopAtHome.MessageQueue.Statistics", "..\ShopAtHome.MessageQueue.Statistics\ShopAtHome.MessageQueue.Statistics.csproj", "{153977E4-C909-4E47-8C05-7A2E0D824A98}"
EndProject
Project("{FAE04EC0-301F-11D3-BF4B-00C04F79EFBC}") = "ShopAtHome.MessageQueue.Statistics.Tests", "..\ShopAtHome.MessageQueue.Statistics.Tests\ShopAtHome.MessageQueue.Statistics.Tests.csproj", "{8902F3C2-EE3D-435F-8D84-452B30293496}"
EndProject
Global
	GlobalSection(SolutionConfigurationPlatforms) = preSolution
		Debug|Any CPU = Debug|Any CPU
		QA|Any CPU = QA|Any CPU
		Release|Any CPU = Release|Any CPU
		Staging|Any CPU = Staging|Any CPU
	EndGlobalSection
	GlobalSection(ProjectConfigurationPlatforms) = postSolution
		{27E5A306-6CF4-4E45-813B-B59F1DDC259A}.Debug|Any CPU.ActiveCfg = Debug|Any CPU
		{27E5A306-6CF4-4E45-813B-B59F1DDC259A}.Debug|Any CPU.Build.0 = Debug|Any CPU
		{27E5A306-6CF4-4E45-813B-B59F1DDC259A}.QA|Any CPU.ActiveCfg = Release|Any CPU
		{27E5A306-6CF4-4E45-813B-B59F1DDC259A}.QA|Any CPU.Build.0 = Release|Any CPU
		{27E5A306-6CF4-4E45-813B-B59F1DDC259A}.Release|Any CPU.ActiveCfg = Release|Any CPU
		{27E5A306-6CF4-4E45-813B-B59F1DDC259A}.Release|Any CPU.Build.0 = Release|Any CPU
		{27E5A306-6CF4-4E45-813B-B59F1DDC259A}.Staging|Any CPU.ActiveCfg = Release|Any CPU
		{27E5A306-6CF4-4E45-813B-B59F1DDC259A}.Staging|Any CPU.Build.0 = Release|Any CPU
		{F92662B5-CF70-4013-9294-F0EDEB0003D0}.Debug|Any CPU.ActiveCfg = Debug|Any CPU
		{F92662B5-CF70-4013-9294-F0EDEB0003D0}.Debug|Any CPU.Build.0 = Debug|Any CPU
		{F92662B5-CF70-4013-9294-F0EDEB0003D0}.QA|Any CPU.ActiveCfg = Release|Any CPU
		{F92662B5-CF70-4013-9294-F0EDEB0003D0}.QA|Any CPU.Build.0 = Release|Any CPU
		{F92662B5-CF70-4013-9294-F0EDEB0003D0}.Release|Any CPU.ActiveCfg = Release|Any CPU
		{F92662B5-CF70-4013-9294-F0EDEB0003D0}.Release|Any CPU.Build.0 = Release|Any CPU
		{F92662B5-CF70-4013-9294-F0EDEB0003D0}.Staging|Any CPU.ActiveCfg = Release|Any CPU
		{F92662B5-CF70-4013-9294-F0EDEB0003D0}.Staging|Any CPU.Build.0 = Release|Any CPU
		{153977E4-C909-4E47-8C05-7A2E0D824A98}.Debug|Any CPU.ActiveCfg = Debug|Any CPU
		{153977E4-C909-4E47-8C05-7A2E0D824A98}.Debug|Any CPU.Build.0 = Debug|Any CPU
		{153977E4-C909-4E47-8C05-7A2E0D824A98}.QA|Any CPU.ActiveCfg = QA|Any CPU
		{153977E4-C909-4E47-8C05-7A2E0D824A98}.QA|Any CPU.Build.0 = QA|Any CPU
		{153977E4-C909-4E47-8C05-7A2E0D824A98}.Release|Any CPU.ActiveCfg = Release|Any CPU
		{153977E4-C909-4E47-8C05-7A2E0D824A98}.Release|Any CPU.Build.0 = Release|Any CPU
		{153977E4-C909-4E47-8C05-7A2E0D824A98}.Staging|Any CPU.ActiveCfg = Staging|Any CPU
		{153977E4-C909-4E47-8C05-7A2E0D824A98}.Staging|Any CPU.Build.0 = Staging|Any CPU
		{8902F3C2-EE3D-435F-8D84-452B30293496}.Debug|Any CPU.ActiveCfg = Debug|Any CPU
		{8902F3C2-EE3D-435F-8D84-452B30293496}.Debug|Any CPU.Build.0 = Debug|Any CPU
		{8902F3C2-EE3D-435F-8D84-452B30293496}.QA|Any CPU.ActiveCfg = Release|Any CPU
		{8902F3C2-EE3D-435F-8D84-452B30293496}.QA|Any CPU.Build.0 = Release|Any CPU
		{8902F3C2-EE3D-435F-8D84-452B30293496}.Release|Any CPU.ActiveCfg = Release|Any CPU
		{8902F3C2-EE3D-435F-8D84-452B30293496}.Release|Any CPU.Build.0 = Release|Any CPU
		{8902F3C2-EE3D-435F-8D84-452B30293496}.Staging|Any CPU.ActiveCfg = Release|Any CPU
		{8902F3C2-EE3D-435F-8D84-452B30293496}.Staging|Any CPU.Build.0 = Release|Any CPU
	EndGlobalSection
	GlobalSection(SolutionProperties) = preSolution
		HideSolutionNode = FALSE
	EndGlobalSection
	GlobalSection(TeamFoundationVersionControl) = preSolution
		SccNumberOfProjects = 3
		SccEnterpriseProvider = {4CA58AB2-18FA-4F8D-95D4-32DDF27D184C}
		SccTeamFoundationServer = http://via12tfs01:8080/tfs/shopathome
		SccProjectUniqueName0 = ..\\ShopAtHome.MessageQueue.Consumers.Tests\\ShopAtHome.MessageQueue.Consumers.Tests.csproj
		SccProjectName0 = ../ShopAtHome.MessageQueue.Consumers.Tests
		SccAuxPath0 = http://via12tfs01:8080/tfs/shopathome
		SccLocalPath0 = ..\\ShopAtHome.MessageQueue.Consumers.Tests
		SccProvider0 = {4CA58AB2-18FA-4F8D-95D4-32DDF27D184C}
		SccProjectUniqueName1 = ShopAtHome.MessageQueue.Consumers.csproj
		SccProjectName1 = .
		SccAuxPath1 = http://via12tfs01:8080/tfs/shopathome
		SccLocalPath1 = .
		SccProvider1 = {4CA58AB2-18FA-4F8D-95D4-32DDF27D184C}
		SccProjectUniqueName2 = ..\\ShopAtHome.MessageQueue.Statistics\\ShopAtHome.MessageQueue.Statistics.csproj
		SccProjectName2 = ../ShopAtHome.MessageQueue.Statistics
		SccAuxPath2 = http://via12tfs01:8080/tfs/shopathome
		SccLocalPath2 = ..\\ShopAtHome.MessageQueue.Statistics
		SccProvider2 = {4CA58AB2-18FA-4F8D-95D4-32DDF27D184C}
	EndGlobalSection
EndGlobal
